
Microsoft Visual Studio Solution File, Format Version 12.00
# Visual Studio Version 17
VisualStudioVersion = 17.1.32414.318
MinimumVisualStudioVersion = 10.0.40219.1
Project("{FAE04EC0-301F-11D3-BF4B-00C04F79EFBC}") = "EconomyViewer", "EconomyViewer\EconomyViewer.csproj", "{904DD052-E58A-4062-907C-DEBF42F5EC99}"
EndProject
Global
	GlobalSection(SolutionConfigurationPlatforms) = preSolution
		Debug|Any CPU = Debug|Any CPU
		Release|Any CPU = Release|Any CPU
	EndGlobalSection
	GlobalSection(ProjectConfigurationPlatforms) = postSolution
		{904DD052-E58A-4062-907C-DEBF42F5EC99}.Debug|Any CPU.ActiveCfg = Debug|Any CPU
		{904DD052-E58A-4062-907C-DEBF42F5EC99}.Debug|Any CPU.Build.0 = Debug|Any CPU
		{904DD052-E58A-4062-907C-DEBF42F5EC99}.Release|Any CPU.ActiveCfg = Release|Any CPU
		{904DD052-E58A-4062-907C-DEBF42F5EC99}.Release|Any CPU.Build.0 = Release|Any CPU
	EndGlobalSection
	GlobalSection(SolutionProperties) = preSolution
		HideSolutionNode = FALSE
	EndGlobalSection
	GlobalSection(ExtensibilityGlobals) = postSolution
		SolutionGuid = {83227517-E8B0-4EAE-BE36-32686FCB5D10}
	EndGlobalSection
EndGlobal
